
Microsoft Visual Studio Solution File, Format Version 12.00
# Visual Studio Version 16
VisualStudioVersion = 16.0.31424.327
MinimumVisualStudioVersion = 10.0.40219.1
Project("{FAE04EC0-301F-11D3-BF4B-00C04F79EFBC}") = "SfNestedsListView.UWP", "SfNestedsListView\SfNestedsListView.UWP\SfNestedsListView.UWP.csproj", "{6DFAFC73-B5B1-4B21-BA9F-E7219EB7520F}"
EndProject
Project("{FAE04EC0-301F-11D3-BF4B-00C04F79EFBC}") = "SfNestedsListView.Android", "SfNestedsListView\SfNestedsListView.Android\SfNestedsListView.Android.csproj", "{8F38CB77-1128-4174-98DF-A5E4D07A68A3}"
EndProject
Project("{FAE04EC0-301F-11D3-BF4B-00C04F79EFBC}") = "SfNestedsListView.iOS", "SfNestedsListView\SfNestedsListView.iOS\SfNestedsListView.iOS.csproj", "{B4D54EBC-8E54-44FB-B85D-37FD0EC08993}"
EndProject
Project("{FAE04EC0-301F-11D3-BF4B-00C04F79EFBC}") = "SfNestedsListView", "SfNestedsListView\SfNestedsListView\SfNestedsListView.csproj", "{E2EABAB6-2F4D-410B-9F51-B80B0BF11C6D}"
EndProject
Project("{FAE04EC0-301F-11D3-BF4B-00C04F79EFBC}") = "SfNestedsListView.MacOS", "SfNestedsListView.MacOS\SfNestedsListView.MacOS.csproj", "{94EB2B16-F818-4C0E-95A4-4E3DA1AAA734}"
EndProject
Global
	GlobalSection(SolutionConfigurationPlatforms) = preSolution
		Debug|Any CPU = Debug|Any CPU
		Debug|ARM = Debug|ARM
		Debug|iPhone = Debug|iPhone
		Debug|iPhoneSimulator = Debug|iPhoneSimulator
		Debug|x64 = Debug|x64
		Debug|x86 = Debug|x86
		Release|Any CPU = Release|Any CPU
		Release|ARM = Release|ARM
		Release|iPhone = Release|iPhone
		Release|iPhoneSimulator = Release|iPhoneSimulator
		Release|x64 = Release|x64
		Release|x86 = Release|x86
	EndGlobalSection
	GlobalSection(ProjectConfigurationPlatforms) = postSolution
		{6DFAFC73-B5B1-4B21-BA9F-E7219EB7520F}.Debug|Any CPU.ActiveCfg = Debug|x86
		{6DFAFC73-B5B1-4B21-BA9F-E7219EB7520F}.Debug|Any CPU.Build.0 = Debug|x86
		{6DFAFC73-B5B1-4B21-BA9F-E7219EB7520F}.Debug|Any CPU.Deploy.0 = Debug|x86
		{6DFAFC73-B5B1-4B21-BA9F-E7219EB7520F}.Debug|ARM.ActiveCfg = Debug|ARM
		{6DFAFC73-B5B1-4B21-BA9F-E7219EB7520F}.Debug|ARM.Build.0 = Debug|ARM
		{6DFAFC73-B5B1-4B21-BA9F-E7219EB7520F}.Debug|ARM.Deploy.0 = Debug|ARM
		{6DFAFC73-B5B1-4B21-BA9F-E7219EB7520F}.Debug|iPhone.ActiveCfg = Debug|x86
		{6DFAFC73-B5B1-4B21-BA9F-E7219EB7520F}.Debug|iPhone.Build.0 = Debug|x86
		{6DFAFC73-B5B1-4B21-BA9F-E7219EB7520F}.Debug|iPhone.Deploy.0 = Debug|x86
		{6DFAFC73-B5B1-4B21-BA9F-E7219EB7520F}.Debug|iPhoneSimulator.ActiveCfg = Debug|x86
		{6DFAFC73-B5B1-4B21-BA9F-E7219EB7520F}.Debug|iPhoneSimulator.Build.0 = Debug|x86
		{6DFAFC73-B5B1-4B21-BA9F-E7219EB7520F}.Debug|iPhoneSimulator.Deploy.0 = Debug|x86
		{6DFAFC73-B5B1-4B21-BA9F-E7219EB7520F}.Debug|x64.ActiveCfg = Debug|x64
		{6DFAFC73-B5B1-4B21-BA9F-E7219EB7520F}.Debug|x64.Build.0 = Debug|x64
		{6DFAFC73-B5B1-4B21-BA9F-E7219EB7520F}.Debug|x64.Deploy.0 = Debug|x64
		{6DFAFC73-B5B1-4B21-BA9F-E7219EB7520F}.Debug|x86.ActiveCfg = Debug|x86
		{6DFAFC73-B5B1-4B21-BA9F-E7219EB7520F}.Debug|x86.Build.0 = Debug|x86
		{6DFAFC73-B5B1-4B21-BA9F-E7219EB7520F}.Debug|x86.Deploy.0 = Debug|x86
		{6DFAFC73-B5B1-4B21-BA9F-E7219EB7520F}.Release|Any CPU.ActiveCfg = Release|x86
		{6DFAFC73-B5B1-4B21-BA9F-E7219EB7520F}.Release|Any CPU.Build.0 = Release|x86
		{6DFAFC73-B5B1-4B21-BA9F-E7219EB7520F}.Release|Any CPU.Deploy.0 = Release|x86
		{6DFAFC73-B5B1-4B21-BA9F-E7219EB7520F}.Release|ARM.ActiveCfg = Release|ARM
		{6DFAFC73-B5B1-4B21-BA9F-E7219EB7520F}.Release|ARM.Build.0 = Release|ARM
		{6DFAFC73-B5B1-4B21-BA9F-E7219EB7520F}.Release|ARM.Deploy.0 = Release|ARM
		{6DFAFC73-B5B1-4B21-BA9F-E7219EB7520F}.Release|iPhone.ActiveCfg = Release|x86
		{6DFAFC73-B5B1-4B21-BA9F-E7219EB7520F}.Release|iPhone.Build.0 = Release|x86
		{6DFAFC73-B5B1-4B21-BA9F-E7219EB7520F}.Release|iPhone.Deploy.0 = Release|x86
		{6DFAFC73-B5B1-4B21-BA9F-E7219EB7520F}.Release|iPhoneSimulator.ActiveCfg = Release|x86
		{6DFAFC73-B5B1-4B21-BA9F-E7219EB7520F}.Release|iPhoneSimulator.Build.0 = Release|x86
		{6DFAFC73-B5B1-4B21-BA9F-E7219EB7520F}.Release|iPhoneSimulator.Deploy.0 = Release|x86
		{6DFAFC73-B5B1-4B21-BA9F-E7219EB7520F}.Release|x64.ActiveCfg = Release|x64
		{6DFAFC73-B5B1-4B21-BA9F-E7219EB7520F}.Release|x64.Build.0 = Release|x64
		{6DFAFC73-B5B1-4B21-BA9F-E7219EB7520F}.Release|x64.Deploy.0 = Release|x64
		{6DFAFC73-B5B1-4B21-BA9F-E7219EB7520F}.Release|x86.ActiveCfg = Release|x86
		{6DFAFC73-B5B1-4B21-BA9F-E7219EB7520F}.Release|x86.Build.0 = Release|x86
		{6DFAFC73-B5B1-4B21-BA9F-E7219EB7520F}.Release|x86.Deploy.0 = Release|x86
		{8F38CB77-1128-4174-98DF-A5E4D07A68A3}.Debug|Any CPU.ActiveCfg = Debug|Any CPU
		{8F38CB77-1128-4174-98DF-A5E4D07A68A3}.Debug|Any CPU.Build.0 = Debug|Any CPU
		{8F38CB77-1128-4174-98DF-A5E4D07A68A3}.Debug|Any CPU.Deploy.0 = Debug|Any CPU
		{8F38CB77-1128-4174-98DF-A5E4D07A68A3}.Debug|ARM.ActiveCfg = Debug|Any CPU
		{8F38CB77-1128-4174-98DF-A5E4D07A68A3}.Debug|ARM.Build.0 = Debug|Any CPU
		{8F38CB77-1128-4174-98DF-A5E4D07A68A3}.Debug|ARM.Deploy.0 = Debug|Any CPU
		{8F38CB77-1128-4174-98DF-A5E4D07A68A3}.Debug|iPhone.ActiveCfg = Debug|Any CPU
		{8F38CB77-1128-4174-98DF-A5E4D07A68A3}.Debug|iPhone.Build.0 = Debug|Any CPU
		{8F38CB77-1128-4174-98DF-A5E4D07A68A3}.Debug|iPhone.Deploy.0 = Debug|Any CPU
		{8F38CB77-1128-4174-98DF-A5E4D07A68A3}.Debug|iPhoneSimulator.ActiveCfg = Debug|Any CPU
		{8F38CB77-1128-4174-98DF-A5E4D07A68A3}.Debug|iPhoneSimulator.Build.0 = Debug|Any CPU
		{8F38CB77-1128-4174-98DF-A5E4D07A68A3}.Debug|iPhoneSimulator.Deploy.0 = Debug|Any CPU
		{8F38CB77-1128-4174-98DF-A5E4D07A68A3}.Debug|x64.ActiveCfg = Debug|Any CPU
		{8F38CB77-1128-4174-98DF-A5E4D07A68A3}.Debug|x64.Build.0 = Debug|Any CPU
		{8F38CB77-1128-4174-98DF-A5E4D07A68A3}.Debug|x64.Deploy.0 = Debug|Any CPU
		{8F38CB77-1128-4174-98DF-A5E4D07A68A3}.Debug|x86.ActiveCfg = Debug|Any CPU
		{8F38CB77-1128-4174-98DF-A5E4D07A68A3}.Debug|x86.Build.0 = Debug|Any CPU
		{8F38CB77-1128-4174-98DF-A5E4D07A68A3}.Debug|x86.Deploy.0 = Debug|Any CPU
		{8F38CB77-1128-4174-98DF-A5E4D07A68A3}.Release|Any CPU.ActiveCfg = Release|Any CPU
		{8F38CB77-1128-4174-98DF-A5E4D07A68A3}.Release|Any CPU.Build.0 = Release|Any CPU
		{8F38CB77-1128-4174-98DF-A5E4D07A68A3}.Release|Any CPU.Deploy.0 = Release|Any CPU
		{8F38CB77-1128-4174-98DF-A5E4D07A68A3}.Release|ARM.ActiveCfg = Release|Any CPU
		{8F38CB77-1128-4174-98DF-A5E4D07A68A3}.Release|ARM.Build.0 = Release|Any CPU
		{8F38CB77-1128-4174-98DF-A5E4D07A68A3}.Release|ARM.Deploy.0 = Release|Any CPU
		{8F38CB77-1128-4174-98DF-A5E4D07A68A3}.Release|iPhone.ActiveCfg = Release|Any CPU
		{8F38CB77-1128-4174-98DF-A5E4D07A68A3}.Release|iPhone.Build.0 = Release|Any CPU
		{8F38CB77-1128-4174-98DF-A5E4D07A68A3}.Release|iPhone.Deploy.0 = Release|Any CPU
		{8F38CB77-1128-4174-98DF-A5E4D07A68A3}.Release|iPhoneSimulator.ActiveCfg = Release|Any CPU
		{8F38CB77-1128-4174-98DF-A5E4D07A68A3}.Release|iPhoneSimulator.Build.0 = Release|Any CPU
		{8F38CB77-1128-4174-98DF-A5E4D07A68A3}.Release|iPhoneSimulator.Deploy.0 = Release|Any CPU
		{8F38CB77-1128-4174-98DF-A5E4D07A68A3}.Release|x64.ActiveCfg = Release|Any CPU
		{8F38CB77-1128-4174-98DF-A5E4D07A68A3}.Release|x64.Build.0 = Release|Any CPU
		{8F38CB77-1128-4174-98DF-A5E4D07A68A3}.Release|x64.Deploy.0 = Release|Any CPU
		{8F38CB77-1128-4174-98DF-A5E4D07A68A3}.Release|x86.ActiveCfg = Release|Any CPU
		{8F38CB77-1128-4174-98DF-A5E4D07A68A3}.Release|x86.Build.0 = Release|Any CPU
		{8F38CB77-1128-4174-98DF-A5E4D07A68A3}.Release|x86.Deploy.0 = Release|Any CPU
		{B4D54EBC-8E54-44FB-B85D-37FD0EC08993}.Debug|Any CPU.ActiveCfg = Debug|iPhoneSimulator
		{B4D54EBC-8E54-44FB-B85D-37FD0EC08993}.Debug|Any CPU.Build.0 = Debug|iPhoneSimulator
		{B4D54EBC-8E54-44FB-B85D-37FD0EC08993}.Debug|Any CPU.Deploy.0 = Debug|iPhoneSimulator
		{B4D54EBC-8E54-44FB-B85D-37FD0EC08993}.Debug|ARM.ActiveCfg = Debug|iPhone
		{B4D54EBC-8E54-44FB-B85D-37FD0EC08993}.Debug|ARM.Build.0 = Debug|iPhone
		{B4D54EBC-8E54-44FB-B85D-37FD0EC08993}.Debug|ARM.Deploy.0 = Debug|iPhone
		{B4D54EBC-8E54-44FB-B85D-37FD0EC08993}.Debug|iPhone.ActiveCfg = Debug|iPhone
		{B4D54EBC-8E54-44FB-B85D-37FD0EC08993}.Debug|iPhone.Build.0 = Debug|iPhone
		{B4D54EBC-8E54-44FB-B85D-37FD0EC08993}.Debug|iPhone.Deploy.0 = Debug|iPhone
		{B4D54EBC-8E54-44FB-B85D-37FD0EC08993}.Debug|iPhoneSimulator.ActiveCfg = Debug|iPhoneSimulator
		{B4D54EBC-8E54-44FB-B85D-37FD0EC08993}.Debug|iPhoneSimulator.Build.0 = Debug|iPhoneSimulator
		{B4D54EBC-8E54-44FB-B85D-37FD0EC08993}.Debug|iPhoneSimulator.Deploy.0 = Debug|iPhoneSimulator
		{B4D54EBC-8E54-44FB-B85D-37FD0EC08993}.Debug|x64.ActiveCfg = Debug|iPhoneSimulator
		{B4D54EBC-8E54-44FB-B85D-37FD0EC08993}.Debug|x64.Build.0 = Debug|iPhoneSimulator
		{B4D54EBC-8E54-44FB-B85D-37FD0EC08993}.Debug|x64.Deploy.0 = Debug|iPhoneSimulator
		{B4D54EBC-8E54-44FB-B85D-37FD0EC08993}.Debug|x86.ActiveCfg = Debug|iPhoneSimulator
		{B4D54EBC-8E54-44FB-B85D-37FD0EC08993}.Debug|x86.Build.0 = Debug|iPhoneSimulator
		{B4D54EBC-8E54-44FB-B85D-37FD0EC08993}.Debug|x86.Deploy.0 = Debug|iPhoneSimulator
		{B4D54EBC-8E54-44FB-B85D-37FD0EC08993}.Release|Any CPU.ActiveCfg = Release|iPhoneSimulator
		{B4D54EBC-8E54-44FB-B85D-37FD0EC08993}.Release|Any CPU.Build.0 = Release|iPhoneSimulator
		{B4D54EBC-8E54-44FB-B85D-37FD0EC08993}.Release|Any CPU.Deploy.0 = Release|iPhoneSimulator
		{B4D54EBC-8E54-44FB-B85D-37FD0EC08993}.Release|ARM.ActiveCfg = Release|iPhoneSimulator
		{B4D54EBC-8E54-44FB-B85D-37FD0EC08993}.Release|ARM.Build.0 = Release|iPhoneSimulator
		{B4D54EBC-8E54-44FB-B85D-37FD0EC08993}.Release|ARM.Deploy.0 = Release|iPhoneSimulator
		{B4D54EBC-8E54-44FB-B85D-37FD0EC08993}.Release|iPhone.ActiveCfg = Release|iPhone
		{B4D54EBC-8E54-44FB-B85D-37FD0EC08993}.Release|iPhone.Build.0 = Release|iPhone
		{B4D54EBC-8E54-44FB-B85D-37FD0EC08993}.Release|iPhone.Deploy.0 = Release|iPhone
		{B4D54EBC-8E54-44FB-B85D-37FD0EC08993}.Release|iPhoneSimulator.ActiveCfg = Release|iPhoneSimulator
		{B4D54EBC-8E54-44FB-B85D-37FD0EC08993}.Release|iPhoneSimulator.Build.0 = Release|iPhoneSimulator
		{B4D54EBC-8E54-44FB-B85D-37FD0EC08993}.Release|iPhoneSimulator.Deploy.0 = Release|iPhoneSimulator
		{B4D54EBC-8E54-44FB-B85D-37FD0EC08993}.Release|x64.ActiveCfg = Release|iPhoneSimulator
		{B4D54EBC-8E54-44FB-B85D-37FD0EC08993}.Release|x64.Build.0 = Release|iPhoneSimulator
		{B4D54EBC-8E54-44FB-B85D-37FD0EC08993}.Release|x64.Deploy.0 = Release|iPhoneSimulator
		{B4D54EBC-8E54-44FB-B85D-37FD0EC08993}.Release|x86.ActiveCfg = Release|iPhoneSimulator
		{B4D54EBC-8E54-44FB-B85D-37FD0EC08993}.Release|x86.Build.0 = Release|iPhoneSimulator
		{B4D54EBC-8E54-44FB-B85D-37FD0EC08993}.Release|x86.Deploy.0 = Release|iPhoneSimulator
		{E2EABAB6-2F4D-410B-9F51-B80B0BF11C6D}.Debug|Any CPU.ActiveCfg = Debug|Any CPU
		{E2EABAB6-2F4D-410B-9F51-B80B0BF11C6D}.Debug|Any CPU.Build.0 = Debug|Any CPU
		{E2EABAB6-2F4D-410B-9F51-B80B0BF11C6D}.Debug|Any CPU.Deploy.0 = Debug|Any CPU
		{E2EABAB6-2F4D-410B-9F51-B80B0BF11C6D}.Debug|ARM.ActiveCfg = Debug|Any CPU
		{E2EABAB6-2F4D-410B-9F51-B80B0BF11C6D}.Debug|ARM.Build.0 = Debug|Any CPU
		{E2EABAB6-2F4D-410B-9F51-B80B0BF11C6D}.Debug|ARM.Deploy.0 = Debug|Any CPU
		{E2EABAB6-2F4D-410B-9F51-B80B0BF11C6D}.Debug|iPhone.ActiveCfg = Debug|Any CPU
		{E2EABAB6-2F4D-410B-9F51-B80B0BF11C6D}.Debug|iPhone.Build.0 = Debug|Any CPU
		{E2EABAB6-2F4D-410B-9F51-B80B0BF11C6D}.Debug|iPhone.Deploy.0 = Debug|Any CPU
		{E2EABAB6-2F4D-410B-9F51-B80B0BF11C6D}.Debug|iPhoneSimulator.ActiveCfg = Debug|Any CPU
		{E2EABAB6-2F4D-410B-9F51-B80B0BF11C6D}.Debug|iPhoneSimulator.Build.0 = Debug|Any CPU
		{E2EABAB6-2F4D-410B-9F51-B80B0BF11C6D}.Debug|iPhoneSimulator.Deploy.0 = Debug|Any CPU
		{E2EABAB6-2F4D-410B-9F51-B80B0BF11C6D}.Debug|x64.ActiveCfg = Debug|Any CPU
		{E2EABAB6-2F4D-410B-9F51-B80B0BF11C6D}.Debug|x64.Build.0 = Debug|Any CPU
		{E2EABAB6-2F4D-410B-9F51-B80B0BF11C6D}.Debug|x64.Deploy.0 = Debug|Any CPU
		{E2EABAB6-2F4D-410B-9F51-B80B0BF11C6D}.Debug|x86.ActiveCfg = Debug|Any CPU
		{E2EABAB6-2F4D-410B-9F51-B80B0BF11C6D}.Debug|x86.Build.0 = Debug|Any CPU
		{E2EABAB6-2F4D-410B-9F51-B80B0BF11C6D}.Debug|x86.Deploy.0 = Debug|Any CPU
		{E2EABAB6-2F4D-410B-9F51-B80B0BF11C6D}.Release|Any CPU.ActiveCfg = Release|Any CPU
		{E2EABAB6-2F4D-410B-9F51-B80B0BF11C6D}.Release|Any CPU.Build.0 = Release|Any CPU
		{E2EABAB6-2F4D-410B-9F51-B80B0BF11C6D}.Release|Any CPU.Deploy.0 = Release|Any CPU
		{E2EABAB6-2F4D-410B-9F51-B80B0BF11C6D}.Release|ARM.ActiveCfg = Release|Any CPU
		{E2EABAB6-2F4D-410B-9F51-B80B0BF11C6D}.Release|ARM.Build.0 = Release|Any CPU
		{E2EABAB6-2F4D-410B-9F51-B80B0BF11C6D}.Release|ARM.Deploy.0 = Release|Any CPU
		{E2EABAB6-2F4D-410B-9F51-B80B0BF11C6D}.Release|iPhone.ActiveCfg = Release|Any CPU
		{E2EABAB6-2F4D-410B-9F51-B80B0BF11C6D}.Release|iPhone.Build.0 = Release|Any CPU
		{E2EABAB6-2F4D-410B-9F51-B80B0BF11C6D}.Release|iPhone.Deploy.0 = Release|Any CPU
		{E2EABAB6-2F4D-410B-9F51-B80B0BF11C6D}.Release|iPhoneSimulator.ActiveCfg = Release|Any CPU
		{E2EABAB6-2F4D-410B-9F51-B80B0BF11C6D}.Release|iPhoneSimulator.Build.0 = Release|Any CPU
		{E2EABAB6-2F4D-410B-9F51-B80B0BF11C6D}.Release|iPhoneSimulator.Deploy.0 = Release|Any CPU
		{E2EABAB6-2F4D-410B-9F51-B80B0BF11C6D}.Release|x64.ActiveCfg = Release|Any CPU
		{E2EABAB6-2F4D-410B-9F51-B80B0BF11C6D}.Release|x64.Build.0 = Release|Any CPU
		{E2EABAB6-2F4D-410B-9F51-B80B0BF11C6D}.Release|x64.Deploy.0 = Release|Any CPU
		{E2EABAB6-2F4D-410B-9F51-B80B0BF11C6D}.Release|x86.ActiveCfg = Release|Any CPU
		{E2EABAB6-2F4D-410B-9F51-B80B0BF11C6D}.Release|x86.Build.0 = Release|Any CPU
		{E2EABAB6-2F4D-410B-9F51-B80B0BF11C6D}.Release|x86.Deploy.0 = Release|Any CPU
		{94EB2B16-F818-4C0E-95A4-4E3DA1AAA734}.Debug|Any CPU.ActiveCfg = Debug|Any CPU
		{94EB2B16-F818-4C0E-95A4-4E3DA1AAA734}.Debug|Any CPU.Build.0 = Debug|Any CPU
		{94EB2B16-F818-4C0E-95A4-4E3DA1AAA734}.Debug|ARM.ActiveCfg = Debug|Any CPU
		{94EB2B16-F818-4C0E-95A4-4E3DA1AAA734}.Debug|ARM.Build.0 = Debug|Any CPU
		{94EB2B16-F818-4C0E-95A4-4E3DA1AAA734}.Debug|iPhone.ActiveCfg = Debug|Any CPU
		{94EB2B16-F818-4C0E-95A4-4E3DA1AAA734}.Debug|iPhone.Build.0 = Debug|Any CPU
		{94EB2B16-F818-4C0E-95A4-4E3DA1AAA734}.Debug|iPhoneSimulator.ActiveCfg = Debug|Any CPU
		{94EB2B16-F818-4C0E-95A4-4E3DA1AAA734}.Debug|iPhoneSimulator.Build.0 = Debug|Any CPU
		{94EB2B16-F818-4C0E-95A4-4E3DA1AAA734}.Debug|x64.ActiveCfg = Debug|Any CPU
		{94EB2B16-F818-4C0E-95A4-4E3DA1AAA734}.Debug|x64.Build.0 = Debug|Any CPU
		{94EB2B16-F818-4C0E-95A4-4E3DA1AAA734}.Debug|x86.ActiveCfg = Debug|Any CPU
		{94EB2B16-F818-4C0E-95A4-4E3DA1AAA734}.Debug|x86.Build.0 = Debug|Any CPU
		{94EB2B16-F818-4C0E-95A4-4E3DA1AAA734}.Release|Any CPU.ActiveCfg = Release|Any CPU
		{94EB2B16-F818-4C0E-95A4-4E3DA1AAA734}.Release|Any CPU.Build.0 = Release|Any CPU
		{94EB2B16-F818-4C0E-95A4-4E3DA1AAA734}.Release|ARM.ActiveCfg = Release|Any CPU
		{94EB2B16-F818-4C0E-95A4-4E3DA1AAA734}.Release|ARM.Build.0 = Release|Any CPU
		{94EB2B16-F818-4C0E-95A4-4E3DA1AAA734}.Release|iPhone.ActiveCfg = Release|Any CPU
		{94EB2B16-F818-4C0E-95A4-4E3DA1AAA734}.Release|iPhone.Build.0 = Release|Any CPU
		{94EB2B16-F818-4C0E-95A4-4E3DA1AAA734}.Release|iPhoneSimulator.ActiveCfg = Release|Any CPU
		{94EB2B16-F818-4C0E-95A4-4E3DA1AAA734}.Release|iPhoneSimulator.Build.0 = Release|Any CPU
		{94EB2B16-F818-4C0E-95A4-4E3DA1AAA734}.Release|x64.ActiveCfg = Release|Any CPU
		{94EB2B16-F818-4C0E-95A4-4E3DA1AAA734}.Release|x64.Build.0 = Release|Any CPU
		{94EB2B16-F818-4C0E-95A4-4E3DA1AAA734}.Release|x86.ActiveCfg = Release|Any CPU
		{94EB2B16-F818-4C0E-95A4-4E3DA1AAA734}.Release|x86.Build.0 = Release|Any CPU
	EndGlobalSection
	GlobalSection(SolutionProperties) = preSolution
		HideSolutionNode = FALSE
	EndGlobalSection
	GlobalSection(ExtensibilityGlobals) = postSolution
		SolutionGuid = {45857791-27E9-42CE-A6D8-8D6B253F6D21}
	EndGlobalSection
EndGlobal
